<Solution>
  <Folder Name="/agentizr/Solution Items/">
    <File Path=".editorconfig" />
    <File Path="Directory.Build.props" />
    <File Path="Directory.Packages.props" />
  </Folder>
  <Folder Name="/agentizr/CasCap.Common/">
    <Project Path="../CasCap.Common/src/CasCap.Common.Hosting.AspNetCore/CasCap.Common.Hosting.AspNetCore.csproj" />
  </Folder>
  <Folder Name="/agentizr/">
    <Project Path="src/CasCap.App.Server/CasCap.App.Server.csproj" />
    <Project Path="src/CasCap.App.Server.Tests/CasCap.App.Server.Tests.csproj" />
  </Folder>
</Solution>
